
Microsoft Visual Studio Solution File, Format Version 12.00
# Visual Studio Version 16
VisualStudioVersion = 16.0.29613.14
MinimumVisualStudioVersion = 10.0.40219.1
Project("{FAE04EC0-301F-11D3-BF4B-00C04F79EFBC}") = "EnvVariableCredentials", "EnvVariableCredentials\EnvVariableCredentials.csproj", "{2C7A80C6-3941-44B7-ACFF-07FCB45866A3}"
EndProject
Global
	GlobalSection(SolutionConfigurationPlatforms) = preSolution
		Debug|Any CPU = Debug|Any CPU
		Release|Any CPU = Release|Any CPU
	EndGlobalSection
	GlobalSection(ProjectConfigurationPlatforms) = postSolution
		{2C7A80C6-3941-44B7-ACFF-07FCB45866A3}.Debug|Any CPU.ActiveCfg = Debug|Any CPU
		{2C7A80C6-3941-44B7-ACFF-07FCB45866A3}.Debug|Any CPU.Build.0 = Debug|Any CPU
		{2C7A80C6-3941-44B7-ACFF-07FCB45866A3}.Release|Any CPU.ActiveCfg = Release|Any CPU
		{2C7A80C6-3941-44B7-ACFF-07FCB45866A3}.Release|Any CPU.Build.0 = Release|Any CPU
	EndGlobalSection
	GlobalSection(SolutionProperties) = preSolution
		HideSolutionNode = FALSE
	EndGlobalSection
	GlobalSection(ExtensibilityGlobals) = postSolution
		SolutionGuid = {F5DBFBC9-A06F-4AC6-AB22-57C24AA189D9}
	EndGlobalSection
EndGlobal
